# THIS IS AN AUTOGENERATED FILE. DO NOT EDIT THIS FILE DIRECTLY.
# yarn lockfile v1


"@shelacek/ubjson@^1.0.0":
  version "1.0.0"
  resolved "https://registry.yarnpkg.com/@shelacek/ubjson/-/ubjson-1.0.0.tgz#6bc87c3dfdd26dce4140e4cb7f085708fcbd3af9"

"@types/node@^10.9.4":
  version "10.9.4"
  resolved "https://registry.yarnpkg.com/@types/node/-/node-10.9.4.tgz#0f4cb2dc7c1de6096055357f70179043c33e9897"

file-type@^4.1.0:
  version "4.4.0"
  resolved "https://registry.yarnpkg.com/file-type/-/file-type-4.4.0.tgz#1b600e5fca1fbdc6e80c0a70c71c8dba5f7906c5"

image-type@^3.0.0:
  version "3.0.0"
  resolved "https://registry.yarnpkg.com/image-type/-/image-type-3.0.0.tgz#1502af3135f906e122c877c31e94af7b7a9146c5"
  dependencies:
    file-type "^4.1.0"

jsonlines@^0.1.1:
  version "0.1.1"
  resolved "https://registry.yarnpkg.com/jsonlines/-/jsonlines-0.1.1.tgz#4fcd246dc5d0e38691907c44ab002f782d1d94cc"

long@~2.2.3:
  version "2.2.5"
  resolved "https://registry.yarnpkg.com/long/-/long-2.2.5.tgz#5a286b6f86ea81a28720d2702948fddc7d61310e"

strtok@~0.1.1:
  version "0.1.1"
  resolved "https://registry.yarnpkg.com/strtok/-/strtok-0.1.1.tgz#59f92cf2c6d4a5ebfe24eda5cd3a3b0676a34bbe"

typescript@^3.0.3:
  version "3.0.3"
  resolved "https://registry.yarnpkg.com/typescript/-/typescript-3.0.3.tgz#4853b3e275ecdaa27f78fda46dc273a7eb7fc1c8"

ubjson@^0.0.8:
  version "0.0.8"
  resolved "https://registry.yarnpkg.com/ubjson/-/ubjson-0.0.8.tgz#73ac9073c99fc6a8d40c6939284343ab8ef0fa17"
  dependencies:
    long "~2.2.3"
    strtok "~0.1.1"
